// !$*UTF8*$!
{
	archiveVersion = 1;
	classes = {
	};
	objectVersion = 50;
	objects = {

/* Begin PBXBuildFile section */
		682038012336836300FA7F1A /* KeychainItem.swift in Sources */ = {isa = PBXBuildFile; fileRef = 682038002336836300FA7F1A /* KeychainItem.swift */; };
		6820380323370D8800FA7F1A /* KeychainItemTests.swift in Sources */ = {isa = PBXBuildFile; fileRef = 6820380223370D8800FA7F1A /* KeychainItemTests.swift */; };
		682038052337195200FA7F1A /* SceneDelegate.swift in Sources */ = {isa = PBXBuildFile; fileRef = 68BEDA1B22D9AD7500CA8AA7 /* SceneDelegate.swift */; };
		68BEDA1A22D9AD7500CA8AA7 /* AppDelegate.swift in Sources */ = {isa = PBXBuildFile; fileRef = 68BEDA1922D9AD7500CA8AA7 /* AppDelegate.swift */; };
		68BEDA1E22D9AD7500CA8AA7 /* ViewController.swift in Sources */ = {isa = PBXBuildFile; fileRef = 68BEDA1D22D9AD7500CA8AA7 /* ViewController.swift */; };
		68BEDA2122D9AD7500CA8AA7 /* Main.storyboard in Resources */ = {isa = PBXBuildFile; fileRef = 68BEDA1F22D9AD7500CA8AA7 /* Main.storyboard */; };
		68BEDA2322D9AD7700CA8AA7 /* Assets.xcassets in Resources */ = {isa = PBXBuildFile; fileRef = 68BEDA2222D9AD7700CA8AA7 /* Assets.xcassets */; };
		68BEDA2622D9AD7700CA8AA7 /* LaunchScreen.storyboard in Resources */ = {isa = PBXBuildFile; fileRef = 68BEDA2422D9AD7700CA8AA7 /* LaunchScreen.storyboard */; };
		68D0CD1922D4BC2A00990B69 /* KeychainWrapper.framework in Frameworks */ = {isa = PBXBuildFile; fileRef = 68D0CD0F22D4BC2A00990B69 /* KeychainWrapper.framework */; };
		68D0CD1E22D4BC2A00990B69 /* KeychainWrapperTests.swift in Sources */ = {isa = PBXBuildFile; fileRef = 68D0CD1D22D4BC2A00990B69 /* KeychainWrapperTests.swift */; };
		68D0CD2022D4BC2A00990B69 /* KeychainWrapper.h in Headers */ = {isa = PBXBuildFile; fileRef = 68D0CD1222D4BC2A00990B69 /* KeychainWrapper.h */; settings = {ATTRIBUTES = (Public, ); }; };
		68D0CD2A22D4BC6A00990B69 /* KeychainItemAccesssibility.swift in Sources */ = {isa = PBXBuildFile; fileRef = 68D0CD2922D4BC6A00990B69 /* KeychainItemAccesssibility.swift */; };
		68D0CD2C22D4C3E900990B69 /* KeychainWrapper.swift in Sources */ = {isa = PBXBuildFile; fileRef = 68D0CD2B22D4C3E900990B69 /* KeychainWrapper.swift */; };
		68D0CD4922D8FC6B00990B69 /* README.md in Resources */ = {isa = PBXBuildFile; fileRef = 68D0CD4822D8FC6B00990B69 /* README.md */; };
/* End PBXBuildFile section */

/* Begin PBXContainerItemProxy section */
		68BEDA2B22D9AD7C00CA8AA7 /* PBXContainerItemProxy */ = {
			isa = PBXContainerItemProxy;
			containerPortal = 68D0CD0622D4BC2A00990B69 /* Project object */;
			proxyType = 1;
			remoteGlobalIDString = 68BEDA1622D9AD7500CA8AA7;
			remoteInfo = KeychainWrapperHostApp;
		};
		68D0CD1A22D4BC2A00990B69 /* PBXContainerItemProxy */ = {
			isa = PBXContainerItemProxy;
			containerPortal = 68D0CD0622D4BC2A00990B69 /* Project object */;
			proxyType = 1;
			remoteGlobalIDString = 68D0CD0E22D4BC2A00990B69;
			remoteInfo = KeychainWrapper;
		};
/* End PBXContainerItemProxy section */

/* Begin PBXFileReference section */
		682038002336836300FA7F1A /* KeychainItem.swift */ = {isa = PBXFileReference; lastKnownFileType = sourcecode.swift; path = KeychainItem.swift; sourceTree = "<group>"; };
		6820380223370D8800FA7F1A /* KeychainItemTests.swift */ = {isa = PBXFileReference; lastKnownFileType = sourcecode.swift; path = KeychainItemTests.swift; sourceTree = "<group>"; };
		68BEDA1722D9AD7500CA8AA7 /* KeychainWrapperHostApp.app */ = {isa = PBXFileReference; explicitFileType = wrapper.application; includeInIndex = 0; path = KeychainWrapperHostApp.app; sourceTree = BUILT_PRODUCTS_DIR; };
		68BEDA1922D9AD7500CA8AA7 /* AppDelegate.swift */ = {isa = PBXFileReference; lastKnownFileType = sourcecode.swift; path = AppDelegate.swift; sourceTree = "<group>"; };
		68BEDA1B22D9AD7500CA8AA7 /* SceneDelegate.swift */ = {isa = PBXFileReference; lastKnownFileType = sourcecode.swift; path = SceneDelegate.swift; sourceTree = "<group>"; };
		68BEDA1D22D9AD7500CA8AA7 /* ViewController.swift */ = {isa = PBXFileReference; lastKnownFileType = sourcecode.swift; path = ViewController.swift; sourceTree = "<group>"; };
		68BEDA2022D9AD7500CA8AA7 /* Base */ = {isa = PBXFileReference; lastKnownFileType = file.storyboard; name = Base; path = Base.lproj/Main.storyboard; sourceTree = "<group>"; };
		68BEDA2222D9AD7700CA8AA7 /* Assets.xcassets */ = {isa = PBXFileReference; lastKnownFileType = folder.assetcatalog; path = Assets.xcassets; sourceTree = "<group>"; };
		68BEDA2522D9AD7700CA8AA7 /* Base */ = {isa = PBXFileReference; lastKnownFileType = file.storyboard; name = Base; path = Base.lproj/LaunchScreen.storyboard; sourceTree = "<group>"; };
		68BEDA2722D9AD7700CA8AA7 /* Info.plist */ = {isa = PBXFileReference; lastKnownFileType = text.plist.xml; path = Info.plist; sourceTree = "<group>"; };
		68BEDA2D22D9AD9D00CA8AA7 /* KeychainWrapperHostApp.entitlements */ = {isa = PBXFileReference; lastKnownFileType = text.plist.entitlements; path = KeychainWrapperHostApp.entitlements; sourceTree = "<group>"; };
		68D0CD0F22D4BC2A00990B69 /* KeychainWrapper.framework */ = {isa = PBXFileReference; explicitFileType = wrapper.framework; includeInIndex = 0; path = KeychainWrapper.framework; sourceTree = BUILT_PRODUCTS_DIR; };
		68D0CD1222D4BC2A00990B69 /* KeychainWrapper.h */ = {isa = PBXFileReference; lastKnownFileType = sourcecode.c.h; path = KeychainWrapper.h; sourceTree = "<group>"; };
		68D0CD1322D4BC2A00990B69 /* Info.plist */ = {isa = PBXFileReference; lastKnownFileType = text.plist.xml; path = Info.plist; sourceTree = "<group>"; };
		68D0CD1822D4BC2A00990B69 /* KeychainWrapperTests.xctest */ = {isa = PBXFileReference; explicitFileType = wrapper.cfbundle; includeInIndex = 0; path = KeychainWrapperTests.xctest; sourceTree = BUILT_PRODUCTS_DIR; };
		68D0CD1D22D4BC2A00990B69 /* KeychainWrapperTests.swift */ = {isa = PBXFileReference; lastKnownFileType = sourcecode.swift; path = KeychainWrapperTests.swift; sourceTree = "<group>"; };
		68D0CD1F22D4BC2A00990B69 /* Info.plist */ = {isa = PBXFileReference; lastKnownFileType = text.plist.xml; path = Info.plist; sourceTree = "<group>"; };
		68D0CD2922D4BC6A00990B69 /* KeychainItemAccesssibility.swift */ = {isa = PBXFileReference; lastKnownFileType = sourcecode.swift; path = KeychainItemAccesssibility.swift; sourceTree = "<group>"; };
		68D0CD2B22D4C3E900990B69 /* KeychainWrapper.swift */ = {isa = PBXFileReference; lastKnownFileType = sourcecode.swift; path = KeychainWrapper.swift; sourceTree = "<group>"; };
		68D0CD4822D8FC6B00990B69 /* README.md */ = {isa = PBXFileReference; lastKnownFileType = net.daringfireball.markdown; path = README.md; sourceTree = "<group>"; };
/* End PBXFileReference section */

/* Begin PBXFrameworksBuildPhase section */
		68BEDA1422D9AD7500CA8AA7 /* Frameworks */ = {
			isa = PBXFrameworksBuildPhase;
			buildActionMask = 2147483647;
			files = (
			);
			runOnlyForDeploymentPostprocessing = 0;
		};
		68D0CD0C22D4BC2A00990B69 /* Frameworks */ = {
			isa = PBXFrameworksBuildPhase;
			buildActionMask = 2147483647;
			files = (
			);
			runOnlyForDeploymentPostprocessing = 0;
		};
		68D0CD1522D4BC2A00990B69 /* Frameworks */ = {
			isa = PBXFrameworksBuildPhase;
			buildActionMask = 2147483647;
			files = (
				68D0CD1922D4BC2A00990B69 /* KeychainWrapper.framework in Frameworks */,
			);
			runOnlyForDeploymentPostprocessing = 0;
		};
/* End PBXFrameworksBuildPhase section */

/* Begin PBXGroup section */
		68BEDA1822D9AD7500CA8AA7 /* KeychainWrapperHostApp */ = {
			isa = PBXGroup;
			children = (
				68BEDA1B22D9AD7500CA8AA7 /* SceneDelegate.swift */,
				68BEDA2D22D9AD9D00CA8AA7 /* KeychainWrapperHostApp.entitlements */,
				68BEDA1922D9AD7500CA8AA7 /* AppDelegate.swift */,
				68BEDA1D22D9AD7500CA8AA7 /* ViewController.swift */,
				68BEDA1F22D9AD7500CA8AA7 /* Main.storyboard */,
				68BEDA2222D9AD7700CA8AA7 /* Assets.xcassets */,
				68BEDA2422D9AD7700CA8AA7 /* LaunchScreen.storyboard */,
				68BEDA2722D9AD7700CA8AA7 /* Info.plist */,
			);
			path = KeychainWrapperHostApp;
			sourceTree = "<group>";
		};
		68D0CD0522D4BC2A00990B69 = {
			isa = PBXGroup;
			children = (
				68D0CD4822D8FC6B00990B69 /* README.md */,
				68D0CD1122D4BC2A00990B69 /* KeychainWrapper */,
				68D0CD1C22D4BC2A00990B69 /* KeychainWrapperTests */,
				68BEDA1822D9AD7500CA8AA7 /* KeychainWrapperHostApp */,
				68D0CD1022D4BC2A00990B69 /* Products */,
			);
			sourceTree = "<group>";
		};
		68D0CD1022D4BC2A00990B69 /* Products */ = {
			isa = PBXGroup;
			children = (
				68D0CD0F22D4BC2A00990B69 /* KeychainWrapper.framework */,
				68D0CD1822D4BC2A00990B69 /* KeychainWrapperTests.xctest */,
				68BEDA1722D9AD7500CA8AA7 /* KeychainWrapperHostApp.app */,
			);
			name = Products;
			sourceTree = "<group>";
		};
		68D0CD1122D4BC2A00990B69 /* KeychainWrapper */ = {
			isa = PBXGroup;
			children = (
				68D0CD1222D4BC2A00990B69 /* KeychainWrapper.h */,
				68D0CD1322D4BC2A00990B69 /* Info.plist */,
				68D0CD2922D4BC6A00990B69 /* KeychainItemAccesssibility.swift */,
				68D0CD2B22D4C3E900990B69 /* KeychainWrapper.swift */,
				682038002336836300FA7F1A /* KeychainItem.swift */,
			);
			path = KeychainWrapper;
			sourceTree = "<group>";
		};
		68D0CD1C22D4BC2A00990B69 /* KeychainWrapperTests */ = {
			isa = PBXGroup;
			children = (
				68D0CD1D22D4BC2A00990B69 /* KeychainWrapperTests.swift */,
				6820380223370D8800FA7F1A /* KeychainItemTests.swift */,
				68D0CD1F22D4BC2A00990B69 /* Info.plist */,
			);
			path = KeychainWrapperTests;
			sourceTree = "<group>";
		};
/* End PBXGroup section */

/* Begin PBXHeadersBuildPhase section */
		68D0CD0A22D4BC2A00990B69 /* Headers */ = {
			isa = PBXHeadersBuildPhase;
			buildActionMask = 2147483647;
			files = (
				68D0CD2022D4BC2A00990B69 /* KeychainWrapper.h in Headers */,
			);
			runOnlyForDeploymentPostprocessing = 0;
		};
/* End PBXHeadersBuildPhase section */

/* Begin PBXNativeTarget section */
		68BEDA1622D9AD7500CA8AA7 /* KeychainWrapperHostApp */ = {
			isa = PBXNativeTarget;
			buildConfigurationList = 68BEDA2822D9AD7700CA8AA7 /* Build configuration list for PBXNativeTarget "KeychainWrapperHostApp" */;
			buildPhases = (
				68BEDA1322D9AD7500CA8AA7 /* Sources */,
				68BEDA1422D9AD7500CA8AA7 /* Frameworks */,
				68BEDA1522D9AD7500CA8AA7 /* Resources */,
			);
			buildRules = (
			);
			dependencies = (
			);
			name = KeychainWrapperHostApp;
			productName = KeychainWrapperHostApp;
			productReference = 68BEDA1722D9AD7500CA8AA7 /* KeychainWrapperHostApp.app */;
			productType = "com.apple.product-type.application";
		};
		68D0CD0E22D4BC2A00990B69 /* KeychainWrapper */ = {
			isa = PBXNativeTarget;
			buildConfigurationList = 68D0CD2322D4BC2A00990B69 /* Build configuration list for PBXNativeTarget "KeychainWrapper" */;
			buildPhases = (
				68D0CD0A22D4BC2A00990B69 /* Headers */,
				68D0CD0B22D4BC2A00990B69 /* Sources */,
				68D0CD0C22D4BC2A00990B69 /* Frameworks */,
				68D0CD0D22D4BC2A00990B69 /* Resources */,
			);
			buildRules = (
			);
			dependencies = (
			);
			name = KeychainWrapper;
			productName = KeychainWrapper;
			productReference = 68D0CD0F22D4BC2A00990B69 /* KeychainWrapper.framework */;
			productType = "com.apple.product-type.framework";
		};
		68D0CD1722D4BC2A00990B69 /* KeychainWrapperTests */ = {
			isa = PBXNativeTarget;
			buildConfigurationList = 68D0CD2622D4BC2A00990B69 /* Build configuration list for PBXNativeTarget "KeychainWrapperTests" */;
			buildPhases = (
				68D0CD1422D4BC2A00990B69 /* Sources */,
				68D0CD1522D4BC2A00990B69 /* Frameworks */,
				68D0CD1622D4BC2A00990B69 /* Resources */,
			);
			buildRules = (
			);
			dependencies = (
				68D0CD1B22D4BC2A00990B69 /* PBXTargetDependency */,
				68BEDA2C22D9AD7C00CA8AA7 /* PBXTargetDependency */,
			);
			name = KeychainWrapperTests;
			productName = KeychainWrapperTests;
			productReference = 68D0CD1822D4BC2A00990B69 /* KeychainWrapperTests.xctest */;
			productType = "com.apple.product-type.bundle.unit-test";
		};
/* End PBXNativeTarget section */

/* Begin PBXProject section */
		68D0CD0622D4BC2A00990B69 /* Project object */ = {
			isa = PBXProject;
			attributes = {
				LastSwiftUpdateCheck = 1100;
				LastUpgradeCheck = 1100;
				ORGANIZATIONNAME = Mars;
				TargetAttributes = {
					68BEDA1622D9AD7500CA8AA7 = {
						CreatedOnToolsVersion = 11.0;
					};
					68D0CD0E22D4BC2A00990B69 = {
						CreatedOnToolsVersion = 11.0;
						LastSwiftMigration = 1100;
					};
					68D0CD1722D4BC2A00990B69 = {
						CreatedOnToolsVersion = 11.0;
						TestTargetID = 68BEDA1622D9AD7500CA8AA7;
					};
				};
			};
			buildConfigurationList = 68D0CD0922D4BC2A00990B69 /* Build configuration list for PBXProject "KeychainWrapper" */;
			compatibilityVersion = "Xcode 9.3";
			developmentRegion = en;
			hasScannedForEncodings = 0;
			knownRegions = (
				en,
				Base,
			);
			mainGroup = 68D0CD0522D4BC2A00990B69;
			productRefGroup = 68D0CD1022D4BC2A00990B69 /* Products */;
			projectDirPath = "";
			projectRoot = "";
			targets = (
				68D0CD0E22D4BC2A00990B69 /* KeychainWrapper */,
				68D0CD1722D4BC2A00990B69 /* KeychainWrapperTests */,
				68BEDA1622D9AD7500CA8AA7 /* KeychainWrapperHostApp */,
			);
		};
/* End PBXProject section */

/* Begin PBXResourcesBuildPhase section */
		68BEDA1522D9AD7500CA8AA7 /* Resources */ = {
			isa = PBXResourcesBuildPhase;
			buildActionMask = 2147483647;
			files = (
				68BEDA2622D9AD7700CA8AA7 /* LaunchScreen.storyboard in Resources */,
				68BEDA2322D9AD7700CA8AA7 /* Assets.xcassets in Resources */,
				68BEDA2122D9AD7500CA8AA7 /* Main.storyboard in Resources */,
			);
			runOnlyForDeploymentPostprocessing = 0;
		};
		68D0CD0D22D4BC2A00990B69 /* Resources */ = {
			isa = PBXResourcesBuildPhase;
			buildActionMask = 2147483647;
			files = (
				68D0CD4922D8FC6B00990B69 /* README.md in Resources */,
			);
			runOnlyForDeploymentPostprocessing = 0;
		};
		68D0CD1622D4BC2A00990B69 /* Resources */ = {
			isa = PBXResourcesBuildPhase;
			buildActionMask = 2147483647;
			files = (
			);
			runOnlyForDeploymentPostprocessing = 0;
		};
/* End PBXResourcesBuildPhase section */

/* Begin PBXSourcesBuildPhase section */
		68BEDA1322D9AD7500CA8AA7 /* Sources */ = {
			isa = PBXSourcesBuildPhase;
			buildActionMask = 2147483647;
			files = (
				68BEDA1E22D9AD7500CA8AA7 /* ViewController.swift in Sources */,
				68BEDA1A22D9AD7500CA8AA7 /* AppDelegate.swift in Sources */,
				682038052337195200FA7F1A /* SceneDelegate.swift in Sources */,
			);
			runOnlyForDeploymentPostprocessing = 0;
		};
		68D0CD0B22D4BC2A00990B69 /* Sources */ = {
			isa = PBXSourcesBuildPhase;
			buildActionMask = 2147483647;
			files = (
				68D0CD2A22D4BC6A00990B69 /* KeychainItemAccesssibility.swift in Sources */,
				68D0CD2C22D4C3E900990B69 /* KeychainWrapper.swift in Sources */,
				682038012336836300FA7F1A /* KeychainItem.swift in Sources */,
			);
			runOnlyForDeploymentPostprocessing = 0;
		};
		68D0CD1422D4BC2A00990B69 /* Sources */ = {
			isa = PBXSourcesBuildPhase;
			buildActionMask = 2147483647;
			files = (
				6820380323370D8800FA7F1A /* KeychainItemTests.swift in Sources */,
				68D0CD1E22D4BC2A00990B69 /* KeychainWrapperTests.swift in Sources */,
			);
			runOnlyForDeploymentPostprocessing = 0;
		};
/* End PBXSourcesBuildPhase section */

/* Begin PBXTargetDependency section */
		68BEDA2C22D9AD7C00CA8AA7 /* PBXTargetDependency */ = {
			isa = PBXTargetDependency;
			target = 68BEDA1622D9AD7500CA8AA7 /* KeychainWrapperHostApp */;
			targetProxy = 68BEDA2B22D9AD7C00CA8AA7 /* PBXContainerItemProxy */;
		};
		68D0CD1B22D4BC2A00990B69 /* PBXTargetDependency */ = {
			isa = PBXTargetDependency;
			target = 68D0CD0E22D4BC2A00990B69 /* KeychainWrapper */;
			targetProxy = 68D0CD1A22D4BC2A00990B69 /* PBXContainerItemProxy */;
		};
/* End PBXTargetDependency section */

/* Begin PBXVariantGroup section */
		68BEDA1F22D9AD7500CA8AA7 /* Main.storyboard */ = {
			isa = PBXVariantGroup;
			children = (
				68BEDA2022D9AD7500CA8AA7 /* Base */,
			);
			name = Main.storyboard;
			sourceTree = "<group>";
		};
		68BEDA2422D9AD7700CA8AA7 /* LaunchScreen.storyboard */ = {
			isa = PBXVariantGroup;
			children = (
				68BEDA2522D9AD7700CA8AA7 /* Base */,
			);
			name = LaunchScreen.storyboard;
			sourceTree = "<group>";
		};
/* End PBXVariantGroup section */

/* Begin XCBuildConfiguration section */
		68BEDA2922D9AD7700CA8AA7 /* Debug */ = {
			isa = XCBuildConfiguration;
			buildSettings = {
				ASSETCATALOG_COMPILER_APPICON_NAME = AppIcon;
				CODE_SIGN_ENTITLEMENTS = KeychainWrapperHostApp/KeychainWrapperHostApp.entitlements;
				CODE_SIGN_STYLE = Automatic;
				DEVELOPMENT_TEAM = 9DJEBF62S3;
				INFOPLIST_FILE = KeychainWrapperHostApp/Info.plist;
				IPHONEOS_DEPLOYMENT_TARGET = 13.0;
				LD_RUNPATH_SEARCH_PATHS = (
					"$(inherited)",
					"@executable_path/Frameworks",
				);
				PRODUCT_BUNDLE_IDENTIFIER = io.boxue.KeychainWrapperHostApp;
				PRODUCT_NAME = "$(TARGET_NAME)";
				SWIFT_VERSION = 5.0;
				TARGETED_DEVICE_FAMILY = "1,2";
			};
			name = Debug;
		};
		68BEDA2A22D9AD7700CA8AA7 /* Release */ = {
			isa = XCBuildConfiguration;
			buildSettings = {
				ASSETCATALOG_COMPILER_APPICON_NAME = AppIcon;
				CODE_SIGN_ENTITLEMENTS = KeychainWrapperHostApp/KeychainWrapperHostApp.entitlements;
				CODE_SIGN_STYLE = Automatic;
				DEVELOPMENT_TEAM = 9DJEBF62S3;
				INFOPLIST_FILE = KeychainWrapperHostApp/Info.plist;
				IPHONEOS_DEPLOYMENT_TARGET = 13.0;
				LD_RUNPATH_SEARCH_PATHS = (
					"$(inherited)",
					"@executable_path/Frameworks",
				);
				PRODUCT_BUNDLE_IDENTIFIER = io.boxue.KeychainWrapperHostApp;
				PRODUCT_NAME = "$(TARGET_NAME)";
				SWIFT_VERSION = 5.0;
				TARGETED_DEVICE_FAMILY = "1,2";
			};
			name = Release;
		};
		68D0CD2122D4BC2A00990B69 /* Debug */ = {
			isa = XCBuildConfiguration;
			buildSettings = {
				ALWAYS_SEARCH_USER_PATHS = NO;
				CLANG_ANALYZER_NONNULL = YES;
				CLANG_ANALYZER_NUMBER_OBJECT_CONVERSION = YES_AGGRESSIVE;
				CLANG_CXX_LANGUAGE_STANDARD = "gnu++14";
				CLANG_CXX_LIBRARY = "libc++";
				CLANG_ENABLE_MODULES = YES;
				CLANG_ENABLE_OBJC_ARC = YES;
				CLANG_ENABLE_OBJC_WEAK = YES;
				CLANG_WARN_BLOCK_CAPTURE_AUTORELEASING = YES;
				CLANG_WARN_BOOL_CONVERSION = YES;
				CLANG_WARN_COMMA = YES;
				CLANG_WARN_CONSTANT_CONVERSION = YES;
				CLANG_WARN_DEPRECATED_OBJC_IMPLEMENTATIONS = YES;
				CLANG_WARN_DIRECT_OBJC_ISA_USAGE = YES_ERROR;
				CLANG_WARN_DOCUMENTATION_COMMENTS = YES;
				CLANG_WARN_EMPTY_BODY = YES;
				CLANG_WARN_ENUM_CONVERSION = YES;
				CLANG_WARN_INFINITE_RECURSION = YES;
				CLANG_WARN_INT_CONVERSION = YES;
				CLANG_WARN_NON_LITERAL_NULL_CONVERSION = YES;
				CLANG_WARN_OBJC_IMPLICIT_RETAIN_SELF = YES;
				CLANG_WARN_OBJC_LITERAL_CONVERSION = YES;
				CLANG_WARN_OBJC_ROOT_CLASS = YES_ERROR;
				CLANG_WARN_RANGE_LOOP_ANALYSIS = YES;
				CLANG_WARN_STRICT_PROTOTYPES = YES;
				CLANG_WARN_SUSPICIOUS_MOVE = YES;
				CLANG_WARN_UNGUARDED_AVAILABILITY = YES_AGGRESSIVE;
				CLANG_WARN_UNREACHABLE_CODE = YES;
				CLANG_WARN__DUPLICATE_METHOD_MATCH = YES;
				COPY_PHASE_STRIP = NO;
				CURRENT_PROJECT_VERSION = 1;
				DEBUG_INFORMATION_FORMAT = dwarf;
				ENABLE_STRICT_OBJC_MSGSEND = YES;
				ENABLE_TESTABILITY = YES;
				GCC_C_LANGUAGE_STANDARD = gnu11;
				GCC_DYNAMIC_NO_PIC = NO;
				GCC_NO_COMMON_BLOCKS = YES;
				GCC_OPTIMIZATION_LEVEL = 0;
				GCC_PREPROCESSOR_DEFINITIONS = (
					"DEBUG=1",
					"$(inherited)",
				);
				GCC_WARN_64_TO_32_BIT_CONVERSION = YES;
				GCC_WARN_ABOUT_RETURN_TYPE = YES_ERROR;
				GCC_WARN_UNDECLARED_SELECTOR = YES;
				GCC_WARN_UNINITIALIZED_AUTOS = YES_AGGRESSIVE;
				GCC_WARN_UNUSED_FUNCTION = YES;
				GCC_WARN_UNUSED_VARIABLE = YES;
				IPHONEOS_DEPLOYMENT_TARGET = 13.0;
				MTL_ENABLE_DEBUG_INFO = INCLUDE_SOURCE;
				MTL_FAST_MATH = YES;
				ONLY_ACTIVE_ARCH = YES;
				SDKROOT = iphoneos;
				SWIFT_ACTIVE_COMPILATION_CONDITIONS = DEBUG;
				SWIFT_OPTIMIZATION_LEVEL = "-Onone";
				VERSIONING_SYSTEM = "apple-generic";
				VERSION_INFO_PREFIX = "";
			};
			name = Debug;
		};
		68D0CD2222D4BC2A00990B69 /* Release */ = {
			isa = XCBuildConfiguration;
			buildSettings = {
				ALWAYS_SEARCH_USER_PATHS = NO;
				CLANG_ANALYZER_NONNULL = YES;
				CLANG_ANALYZER_NUMBER_OBJECT_CONVERSION = YES_AGGRESSIVE;
				CLANG_CXX_LANGUAGE_STANDARD = "gnu++14";
				CLANG_CXX_LIBRARY = "libc++";
				CLANG_ENABLE_MODULES = YES;
				CLANG_ENABLE_OBJC_ARC = YES;
				CLANG_ENABLE_OBJC_WEAK = YES;
				CLANG_WARN_BLOCK_CAPTURE_AUTORELEASING = YES;
				CLANG_WARN_BOOL_CONVERSION = YES;
				CLANG_WARN_COMMA = YES;
				CLANG_WARN_CONSTANT_CONVERSION = YES;
				CLANG_WARN_DEPRECATED_OBJC_IMPLEMENTATIONS = YES;
				CLANG_WARN_DIRECT_OBJC_ISA_USAGE = YES_ERROR;
				CLANG_WARN_DOCUMENTATION_COMMENTS = YES;
				CLANG_WARN_EMPTY_BODY = YES;
				CLANG_WARN_ENUM_CONVERSION = YES;
				CLANG_WARN_INFINITE_RECURSION = YES;
				CLANG_WARN_INT_CONVERSION = YES;
				CLANG_WARN_NON_LITERAL_NULL_CONVERSION = YES;
				CLANG_WARN_OBJC_IMPLICIT_RETAIN_SELF = YES;
				CLANG_WARN_OBJC_LITERAL_CONVERSION = YES;
				CLANG_WARN_OBJC_ROOT_CLASS = YES_ERROR;
				CLANG_WARN_RANGE_LOOP_ANALYSIS = YES;
				CLANG_WARN_STRICT_PROTOTYPES = YES;
				CLANG_WARN_SUSPICIOUS_MOVE = YES;
				CLANG_WARN_UNGUARDED_AVAILABILITY = YES_AGGRESSIVE;
				CLANG_WARN_UNREACHABLE_CODE = YES;
				CLANG_WARN__DUPLICATE_METHOD_MATCH = YES;
				COPY_PHASE_STRIP = NO;
				CURRENT_PROJECT_VERSION = 1;
				DEBUG_INFORMATION_FORMAT = "dwarf-with-dsym";
				ENABLE_NS_ASSERTIONS = NO;
				ENABLE_STRICT_OBJC_MSGSEND = YES;
				GCC_C_LANGUAGE_STANDARD = gnu11;
				GCC_NO_COMMON_BLOCKS = YES;
				GCC_WARN_64_TO_32_BIT_CONVERSION = YES;
				GCC_WARN_ABOUT_RETURN_TYPE = YES_ERROR;
				GCC_WARN_UNDECLARED_SELECTOR = YES;
				GCC_WARN_UNINITIALIZED_AUTOS = YES_AGGRESSIVE;
				GCC_WARN_UNUSED_FUNCTION = YES;
				GCC_WARN_UNUSED_VARIABLE = YES;
				IPHONEOS_DEPLOYMENT_TARGET = 13.0;
				MTL_ENABLE_DEBUG_INFO = NO;
				MTL_FAST_MATH = YES;
				SDKROOT = iphoneos;
				SWIFT_COMPILATION_MODE = wholemodule;
				SWIFT_OPTIMIZATION_LEVEL = "-O";
				VALIDATE_PRODUCT = YES;
				VERSIONING_SYSTEM = "apple-generic";
				VERSION_INFO_PREFIX = "";
			};
			name = Release;
		};
		68D0CD2422D4BC2A00990B69 /* Debug */ = {
			isa = XCBuildConfiguration;
			buildSettings = {
				CLANG_ENABLE_MODULES = YES;
				CODE_SIGN_STYLE = Automatic;
				DEFINES_MODULE = YES;
				DEVELOPMENT_TEAM = 9DJEBF62S3;
				DYLIB_COMPATIBILITY_VERSION = 1;
				DYLIB_CURRENT_VERSION = 1;
				DYLIB_INSTALL_NAME_BASE = "@rpath";
				INFOPLIST_FILE = KeychainWrapper/Info.plist;
				INSTALL_PATH = "$(LOCAL_LIBRARY_DIR)/Frameworks";
				IPHONEOS_DEPLOYMENT_TARGET = 10.0;
				LD_RUNPATH_SEARCH_PATHS = (
					"$(inherited)",
					"@executable_path/Frameworks",
					"@loader_path/Frameworks",
				);
				PRODUCT_BUNDLE_IDENTIFIER = io.boxue.KeychainWrapper;
				PRODUCT_NAME = "$(TARGET_NAME:c99extidentifier)";
				SKIP_INSTALL = YES;
				SUPPORTS_UIKITFORMAC = NO;
				SWIFT_OPTIMIZATION_LEVEL = "-Onone";
				SWIFT_VERSION = 5.0;
				TARGETED_DEVICE_FAMILY = "1,2";
			};
			name = Debug;
		};
		68D0CD2522D4BC2A00990B69 /* Release */ = {
			isa = XCBuildConfiguration;
			buildSettings = {
				CLANG_ENABLE_MODULES = YES;
				CODE_SIGN_STYLE = Automatic;
				DEFINES_MODULE = YES;
				DEVELOPMENT_TEAM = 9DJEBF62S3;
				DYLIB_COMPATIBILITY_VERSION = 1;
				DYLIB_CURRENT_VERSION = 1;
				DYLIB_INSTALL_NAME_BASE = "@rpath";
				INFOPLIST_FILE = KeychainWrapper/Info.plist;
				INSTALL_PATH = "$(LOCAL_LIBRARY_DIR)/Frameworks";
				IPHONEOS_DEPLOYMENT_TARGET = 10.0;
				LD_RUNPATH_SEARCH_PATHS = (
					"$(inherited)",
					"@executable_path/Frameworks",
					"@loader_path/Frameworks",
				);
				PRODUCT_BUNDLE_IDENTIFIER = io.boxue.KeychainWrapper;
				PRODUCT_NAME = "$(TARGET_NAME:c99extidentifier)";
				SKIP_INSTALL = YES;
				SUPPORTS_UIKITFORMAC = NO;
				SWIFT_VERSION = 5.0;
				TARGETED_DEVICE_FAMILY = "1,2";
			};
			name = Release;
		};
		68D0CD2722D4BC2A00990B69 /* Debug */ = {
			isa = XCBuildConfiguration;
			buildSettings = {
				ALWAYS_EMBED_SWIFT_STANDARD_LIBRARIES = YES;
				BUNDLE_LOADER = "$(TEST_HOST)";
				CODE_SIGN_IDENTITY = "iPhone Developer";
				CODE_SIGN_STYLE = Automatic;
				DEVELOPMENT_TEAM = 9DJEBF62S3;
				INFOPLIST_FILE = KeychainWrapperTests/Info.plist;
				LD_RUNPATH_SEARCH_PATHS = (
					"$(inherited)",
					"@executable_path/Frameworks",
					"@loader_path/Frameworks",
				);
				PRODUCT_BUNDLE_IDENTIFIER = io.boxue.KeychainWrapperTests;
				PRODUCT_NAME = "$(TARGET_NAME)";
				PROVISIONING_PROFILE_SPECIFIER = "";
				SWIFT_VERSION = 5.0;
				TARGETED_DEVICE_FAMILY = "1,2";
				TEST_HOST = "$(BUILT_PRODUCTS_DIR)/KeychainWrapperHostApp.app/KeychainWrapperHostApp";
			};
			name = Debug;
		};
		68D0CD2822D4BC2A00990B69 /* Release */ = {
			isa = XCBuildConfiguration;
			buildSettings = {
				ALWAYS_EMBED_SWIFT_STANDARD_LIBRARIES = YES;
				BUNDLE_LOADER = "$(TEST_HOST)";
				CODE_SIGN_IDENTITY = "iPhone Developer";
				CODE_SIGN_STYLE = Automatic;
				DEVELOPMENT_TEAM = 9DJEBF62S3;
				INFOPLIST_FILE = KeychainWrapperTests/Info.plist;
				LD_RUNPATH_SEARCH_PATHS = (
					"$(inherited)",
					"@executable_path/Frameworks",
					"@loader_path/Frameworks",
				);
				PRODUCT_BUNDLE_IDENTIFIER = io.boxue.KeychainWrapperTests;
				PRODUCT_NAME = "$(TARGET_NAME)";
				PROVISIONING_PROFILE_SPECIFIER = "";
				SWIFT_VERSION = 5.0;
				TARGETED_DEVICE_FAMILY = "1,2";
				TEST_HOST = "$(BUILT_PRODUCTS_DIR)/KeychainWrapperHostApp.app/KeychainWrapperHostApp";
			};
			name = Release;
		};
/* End XCBuildConfiguration section */

/* Begin XCConfigurationList section */
		68BEDA2822D9AD7700CA8AA7 /* Build configuration list for PBXNativeTarget "KeychainWrapperHostApp" */ = {
			isa = XCConfigurationList;
			buildConfigurations = (
				68BEDA2922D9AD7700CA8AA7 /* Debug */,
				68BEDA2A22D9AD7700CA8AA7 /* Release */,
			);
			defaultConfigurationIsVisible = 0;
			defaultConfigurationName = Release;
		};
		68D0CD0922D4BC2A00990B69 /* Build configuration list for PBXProject "KeychainWrapper" */ = {
			isa = XCConfigurationList;
			buildConfigurations = (
				68D0CD2122D4BC2A00990B69 /* Debug */,
				68D0CD2222D4BC2A00990B69 /* Release */,
			);
			defaultConfigurationIsVisible = 0;
			defaultConfigurationName = Release;
		};
		68D0CD2322D4BC2A00990B69 /* Build configuration list for PBXNativeTarget "KeychainWrapper" */ = {
			isa = XCConfigurationList;
			buildConfigurations = (
				68D0CD2422D4BC2A00990B69 /* Debug */,
				68D0CD2522D4BC2A00990B69 /* Release */,
			);
			defaultConfigurationIsVisible = 0;
			defaultConfigurationName = Release;
		};
		68D0CD2622D4BC2A00990B69 /* Build configuration list for PBXNativeTarget "KeychainWrapperTests" */ = {
			isa = XCConfigurationList;
			buildConfigurations = (
				68D0CD2722D4BC2A00990B69 /* Debug */,
				68D0CD2822D4BC2A00990B69 /* Release */,
			);
			defaultConfigurationIsVisible = 0;
			defaultConfigurationName = Release;
		};
/* End XCConfigurationList section */
	};
	rootObject = 68D0CD0622D4BC2A00990B69 /* Project object */;
}
